// !$*UTF8*$!
{
	archiveVersion = 1;
	classes = {
	};
	objectVersion = 55;
	objects = {

/* Begin PBXBuildFile section */
		860D456C27F98DDE00EEFFA1 /* AppDelegate.swift in Sources */ = {isa = PBXBuildFile; fileRef = 860D456B27F98DDE00EEFFA1 /* AppDelegate.swift */; };
		860D456E27F98DDE00EEFFA1 /* SceneDelegate.swift in Sources */ = {isa = PBXBuildFile; fileRef = 860D456D27F98DDE00EEFFA1 /* SceneDelegate.swift */; };
		860D457027F98DDE00EEFFA1 /* ViewController.swift in Sources */ = {isa = PBXBuildFile; fileRef = 860D456F27F98DDE00EEFFA1 /* ViewController.swift */; };
		860D457327F98DDE00EEFFA1 /* Main.storyboard in Resources */ = {isa = PBXBuildFile; fileRef = 860D457127F98DDE00EEFFA1 /* Main.storyboard */; };
		860D457527F98DDF00EEFFA1 /* Assets.xcassets in Resources */ = {isa = PBXBuildFile; fileRef = 860D457427F98DDF00EEFFA1 /* Assets.xcassets */; };
		860D457827F98DDF00EEFFA1 /* LaunchScreen.storyboard in Resources */ = {isa = PBXBuildFile; fileRef = 860D457627F98DDF00EEFFA1 /* LaunchScreen.storyboard */; };
		86499AB528F78DC300E3369B /* DatePickerController.swift in Sources */ = {isa = PBXBuildFile; fileRef = 86499AB428F78DC300E3369B /* DatePickerController.swift */; };
		86499AB728F78E7A00E3369B /* CustomCalendarExampleController.swift in Sources */ = {isa = PBXBuildFile; fileRef = 86499AB628F78E7A00E3369B /* CustomCalendarExampleController.swift */; };
		865F61C228E530A100470CD3 /* GoogleService-Info.plist in Resources */ = {isa = PBXBuildFile; fileRef = 865F61C128E530A100470CD3 /* GoogleService-Info.plist */; };
		86718B0927FE37660027A805 /* DiaryViewController.swift in Sources */ = {isa = PBXBuildFile; fileRef = 86718B0827FE37660027A805 /* DiaryViewController.swift */; };
		86816C55291319610006CE69 /* MyPageCell.swift in Sources */ = {isa = PBXBuildFile; fileRef = 86816C54291319610006CE69 /* MyPageCell.swift */; };
		8696646C28F7547C008345D0 /* CalendarKit in Frameworks */ = {isa = PBXBuildFile; productRef = 8696646B28F7547C008345D0 /* CalendarKit */; };
		86A4BE31284655A500555B6D /* DiaryCell.swift in Sources */ = {isa = PBXBuildFile; fileRef = 86A4BE30284655A500555B6D /* DiaryCell.swift */; };
		86A4BE3328465B1E00555B6D /* WriteDiaryViewController.swift in Sources */ = {isa = PBXBuildFile; fileRef = 86A4BE3228465B1E00555B6D /* WriteDiaryViewController.swift */; };
		86A4BE352846604900555B6D /* Diary.swift in Sources */ = {isa = PBXBuildFile; fileRef = 86A4BE342846604900555B6D /* Diary.swift */; };
		86A4BE372846699400555B6D /* DiaryDetailViewController.swift in Sources */ = {isa = PBXBuildFile; fileRef = 86A4BE362846699400555B6D /* DiaryDetailViewController.swift */; };
		86A4BE3928466F0100555B6D /* ToDoViewController.swift in Sources */ = {isa = PBXBuildFile; fileRef = 86A4BE3828466F0100555B6D /* ToDoViewController.swift */; };
		86A4BE3E284760C000555B6D /* SnapKit in Frameworks */ = {isa = PBXBuildFile; productRef = 86A4BE3D284760C000555B6D /* SnapKit */; };
		86A4BE4428476B6F00555B6D /* MyPageViewController.swift in Sources */ = {isa = PBXBuildFile; fileRef = 86A4BE4328476B6F00555B6D /* MyPageViewController.swift */; };
		86A4BE4A2847D98900555B6D /* HowYouViewController.swift in Sources */ = {isa = PBXBuildFile; fileRef = 86A4BE492847D98900555B6D /* HowYouViewController.swift */; };
		86A4BE4E2847EEE200555B6D /* HowYouCollectionViewCell.swift in Sources */ = {isa = PBXBuildFile; fileRef = 86A4BE4D2847EEE200555B6D /* HowYouCollectionViewCell.swift */; };
		86A4BE502847FEB100555B6D /* Task.swift in Sources */ = {isa = PBXBuildFile; fileRef = 86A4BE4F2847FEB100555B6D /* Task.swift */; };
		86E13BC728396B24003C4C92 /* RoundCornerButton.swift in Sources */ = {isa = PBXBuildFile; fileRef = 86E13BC628396B23003C4C92 /* RoundCornerButton.swift */; };
		86F66751284805170082E8C6 /* AddCalendarCollectionViewCell.swift in Sources */ = {isa = PBXBuildFile; fileRef = 86F66750284805170082E8C6 /* AddCalendarCollectionViewCell.swift */; };
		86F66753284805620082E8C6 /* UpcomingCalendarCollectionViewCell.swift in Sources */ = {isa = PBXBuildFile; fileRef = 86F66752284805620082E8C6 /* UpcomingCalendarCollectionViewCell.swift */; };
		86F66755284805E30082E8C6 /* MpToDoCollectionViewCell.swift in Sources */ = {isa = PBXBuildFile; fileRef = 86F66754284805E30082E8C6 /* MpToDoCollectionViewCell.swift */; };
		86F66757284806220082E8C6 /* WeatherCollectionViewCell.swift in Sources */ = {isa = PBXBuildFile; fileRef = 86F66756284806220082E8C6 /* WeatherCollectionViewCell.swift */; };
/* End PBXBuildFile section */

/* Begin PBXCopyFilesBuildPhase section */
		86A4BE422847626800555B6D /* Embed Frameworks */ = {
			isa = PBXCopyFilesBuildPhase;
			buildActionMask = 2147483647;
			dstPath = "";
			dstSubfolderSpec = 10;
			files = (
			);
			name = "Embed Frameworks";
			runOnlyForDeploymentPostprocessing = 0;
		};
/* End PBXCopyFilesBuildPhase section */

/* Begin PBXFileReference section */
		860D456827F98DDE00EEFFA1 /* TodayYou.app */ = {isa = PBXFileReference; explicitFileType = wrapper.application; includeInIndex = 0; path = TodayYou.app; sourceTree = BUILT_PRODUCTS_DIR; };
		860D456B27F98DDE00EEFFA1 /* AppDelegate.swift */ = {isa = PBXFileReference; lastKnownFileType = sourcecode.swift; path = AppDelegate.swift; sourceTree = "<group>"; };
		860D456D27F98DDE00EEFFA1 /* SceneDelegate.swift */ = {isa = PBXFileReference; lastKnownFileType = sourcecode.swift; path = SceneDelegate.swift; sourceTree = "<group>"; };
		860D456F27F98DDE00EEFFA1 /* ViewController.swift */ = {isa = PBXFileReference; lastKnownFileType = sourcecode.swift; path = ViewController.swift; sourceTree = "<group>"; };
		860D457227F98DDE00EEFFA1 /* Base */ = {isa = PBXFileReference; lastKnownFileType = file.storyboard; name = Base; path = Base.lproj/Main.storyboard; sourceTree = "<group>"; };
		860D457427F98DDF00EEFFA1 /* Assets.xcassets */ = {isa = PBXFileReference; lastKnownFileType = folder.assetcatalog; path = Assets.xcassets; sourceTree = "<group>"; };
		860D457727F98DDF00EEFFA1 /* Base */ = {isa = PBXFileReference; lastKnownFileType = file.storyboard; name = Base; path = Base.lproj/LaunchScreen.storyboard; sourceTree = "<group>"; };
		860D457927F98DDF00EEFFA1 /* Info.plist */ = {isa = PBXFileReference; lastKnownFileType = text.plist.xml; path = Info.plist; sourceTree = "<group>"; };
		86499AB428F78DC300E3369B /* DatePickerController.swift */ = {isa = PBXFileReference; lastKnownFileType = sourcecode.swift; path = DatePickerController.swift; sourceTree = "<group>"; };
		86499AB628F78E7A00E3369B /* CustomCalendarExampleController.swift */ = {isa = PBXFileReference; lastKnownFileType = sourcecode.swift; path = CustomCalendarExampleController.swift; sourceTree = "<group>"; };
		865F61C128E530A100470CD3 /* GoogleService-Info.plist */ = {isa = PBXFileReference; lastKnownFileType = text.plist; path = "GoogleService-Info.plist"; sourceTree = SOURCE_ROOT; };
		86718B0827FE37660027A805 /* DiaryViewController.swift */ = {isa = PBXFileReference; lastKnownFileType = sourcecode.swift; path = DiaryViewController.swift; sourceTree = "<group>"; };
		86816C54291319610006CE69 /* MyPageCell.swift */ = {isa = PBXFileReference; lastKnownFileType = sourcecode.swift; path = MyPageCell.swift; sourceTree = "<group>"; };
		86A4BE30284655A500555B6D /* DiaryCell.swift */ = {isa = PBXFileReference; lastKnownFileType = sourcecode.swift; path = DiaryCell.swift; sourceTree = "<group>"; };
		86A4BE3228465B1E00555B6D /* WriteDiaryViewController.swift */ = {isa = PBXFileReference; lastKnownFileType = sourcecode.swift; path = WriteDiaryViewController.swift; sourceTree = "<group>"; };
		86A4BE342846604900555B6D /* Diary.swift */ = {isa = PBXFileReference; lastKnownFileType = sourcecode.swift; path = Diary.swift; sourceTree = "<group>"; };
		86A4BE362846699400555B6D /* DiaryDetailViewController.swift */ = {isa = PBXFileReference; lastKnownFileType = sourcecode.swift; path = DiaryDetailViewController.swift; sourceTree = "<group>"; };
		86A4BE3828466F0100555B6D /* ToDoViewController.swift */ = {isa = PBXFileReference; lastKnownFileType = sourcecode.swift; path = ToDoViewController.swift; sourceTree = "<group>"; };
		86A4BE4328476B6F00555B6D /* MyPageViewController.swift */ = {isa = PBXFileReference; lastKnownFileType = sourcecode.swift; path = MyPageViewController.swift; sourceTree = "<group>"; };
		86A4BE492847D98900555B6D /* HowYouViewController.swift */ = {isa = PBXFileReference; lastKnownFileType = sourcecode.swift; path = HowYouViewController.swift; sourceTree = "<group>"; };
		86A4BE4D2847EEE200555B6D /* HowYouCollectionViewCell.swift */ = {isa = PBXFileReference; lastKnownFileType = sourcecode.swift; path = HowYouCollectionViewCell.swift; sourceTree = "<group>"; };
		86A4BE4F2847FEB100555B6D /* Task.swift */ = {isa = PBXFileReference; lastKnownFileType = sourcecode.swift; path = Task.swift; sourceTree = "<group>"; };
		86E13BC628396B23003C4C92 /* RoundCornerButton.swift */ = {isa = PBXFileReference; lastKnownFileType = sourcecode.swift; path = RoundCornerButton.swift; sourceTree = "<group>"; };
		86F66750284805170082E8C6 /* AddCalendarCollectionViewCell.swift */ = {isa = PBXFileReference; lastKnownFileType = sourcecode.swift; path = AddCalendarCollectionViewCell.swift; sourceTree = "<group>"; };
		86F66752284805620082E8C6 /* UpcomingCalendarCollectionViewCell.swift */ = {isa = PBXFileReference; lastKnownFileType = sourcecode.swift; path = UpcomingCalendarCollectionViewCell.swift; sourceTree = "<group>"; };
		86F66754284805E30082E8C6 /* MpToDoCollectionViewCell.swift */ = {isa = PBXFileReference; lastKnownFileType = sourcecode.swift; path = MpToDoCollectionViewCell.swift; sourceTree = "<group>"; };
		86F66756284806220082E8C6 /* WeatherCollectionViewCell.swift */ = {isa = PBXFileReference; lastKnownFileType = sourcecode.swift; path = WeatherCollectionViewCell.swift; sourceTree = "<group>"; };
/* End PBXFileReference section */

/* Begin PBXFrameworksBuildPhase section */
		860D456527F98DDE00EEFFA1 /* Frameworks */ = {
			isa = PBXFrameworksBuildPhase;
			buildActionMask = 2147483647;
			files = (
				86A4BE3E284760C000555B6D /* SnapKit in Frameworks */,
				8696646C28F7547C008345D0 /* CalendarKit in Frameworks */,
			);
			runOnlyForDeploymentPostprocessing = 0;
		};
/* End PBXFrameworksBuildPhase section */

/* Begin PBXGroup section */
		860D455F27F98DDE00EEFFA1 = {
			isa = PBXGroup;
			children = (
				860D456A27F98DDE00EEFFA1 /* TodayYou */,
				860D456927F98DDE00EEFFA1 /* Products */,
			);
			sourceTree = "<group>";
		};
		860D456927F98DDE00EEFFA1 /* Products */ = {
			isa = PBXGroup;
			children = (
				860D456827F98DDE00EEFFA1 /* TodayYou.app */,
			);
			name = Products;
			sourceTree = "<group>";
		};
		860D456A27F98DDE00EEFFA1 /* TodayYou */ = {
			isa = PBXGroup;
			children = (
				865F61C128E530A100470CD3 /* GoogleService-Info.plist */,
				860D456B27F98DDE00EEFFA1 /* AppDelegate.swift */,
				860D456D27F98DDE00EEFFA1 /* SceneDelegate.swift */,
				860D456F27F98DDE00EEFFA1 /* ViewController.swift */,
				860D457127F98DDE00EEFFA1 /* Main.storyboard */,
				860D457427F98DDF00EEFFA1 /* Assets.xcassets */,
				860D457627F98DDF00EEFFA1 /* LaunchScreen.storyboard */,
				860D457927F98DDF00EEFFA1 /* Info.plist */,
				86E13BC628396B23003C4C92 /* RoundCornerButton.swift */,
				868C7A2128F7539900B7D4E9 /* MyPage */,
				868C7A1F28F7530300B7D4E9 /* Diary */,
				868C7A2028F7533A00B7D4E9 /* ToDo */,
				86A4BE492847D98900555B6D /* HowYouViewController.swift */,
				86A4BE4D2847EEE200555B6D /* HowYouCollectionViewCell.swift */,
				86499AB428F78DC300E3369B /* DatePickerController.swift */,
				86499AB628F78E7A00E3369B /* CustomCalendarExampleController.swift */,
			);
			path = TodayYou;
			sourceTree = "<group>";
		};
		868C7A1F28F7530300B7D4E9 /* Diary */ = {
			isa = PBXGroup;
			children = (
				86A4BE342846604900555B6D /* Diary.swift */,
				86718B0827FE37660027A805 /* DiaryViewController.swift */,
				86A4BE30284655A500555B6D /* DiaryCell.swift */,
				86A4BE3228465B1E00555B6D /* WriteDiaryViewController.swift */,
				86A4BE362846699400555B6D /* DiaryDetailViewController.swift */,
			);
			path = Diary;
			sourceTree = "<group>";
		};
		868C7A2028F7533A00B7D4E9 /* ToDo */ = {
			isa = PBXGroup;
			children = (
				86A4BE3828466F0100555B6D /* ToDoViewController.swift */,
				86A4BE4F2847FEB100555B6D /* Task.swift */,
			);
			path = ToDo;
			sourceTree = "<group>";
		};
		868C7A2128F7539900B7D4E9 /* MyPage */ = {
			isa = PBXGroup;
			children = (
				86A4BE4328476B6F00555B6D /* MyPageViewController.swift */,
				86F66750284805170082E8C6 /* AddCalendarCollectionViewCell.swift */,
				86F66752284805620082E8C6 /* UpcomingCalendarCollectionViewCell.swift */,
				86F66754284805E30082E8C6 /* MpToDoCollectionViewCell.swift */,
				86F66756284806220082E8C6 /* WeatherCollectionViewCell.swift */,
				86816C54291319610006CE69 /* MyPageCell.swift */,
			);
			path = MyPage;
			sourceTree = "<group>";
		};
/* End PBXGroup section */

/* Begin PBXNativeTarget section */
		860D456727F98DDE00EEFFA1 /* TodayYou */ = {
			isa = PBXNativeTarget;
			buildConfigurationList = 860D457C27F98DDF00EEFFA1 /* Build configuration list for PBXNativeTarget "TodayYou" */;
			buildPhases = (
				860D456427F98DDE00EEFFA1 /* Sources */,
				860D456527F98DDE00EEFFA1 /* Frameworks */,
				860D456627F98DDE00EEFFA1 /* Resources */,
				86A4BE422847626800555B6D /* Embed Frameworks */,
			);
			buildRules = (
			);
			dependencies = (
			);
			name = TodayYou;
			packageProductDependencies = (
				86A4BE3D284760C000555B6D /* SnapKit */,
				8696646B28F7547C008345D0 /* CalendarKit */,
			);
			productName = TodayYou;
			productReference = 860D456827F98DDE00EEFFA1 /* TodayYou.app */;
			productType = "com.apple.product-type.application";
		};
/* End PBXNativeTarget section */

/* Begin PBXProject section */
		860D456027F98DDE00EEFFA1 /* Project object */ = {
			isa = PBXProject;
			attributes = {
				BuildIndependentTargetsInParallel = 1;
				LastSwiftUpdateCheck = 1320;
				LastUpgradeCheck = 1320;
				TargetAttributes = {
					860D456727F98DDE00EEFFA1 = {
						CreatedOnToolsVersion = 13.2.1;
					};
				};
			};
			buildConfigurationList = 860D456327F98DDE00EEFFA1 /* Build configuration list for PBXProject "TodayYou" */;
			compatibilityVersion = "Xcode 13.0";
			developmentRegion = en;
			hasScannedForEncodings = 0;
			knownRegions = (
				en,
				Base,
			);
			mainGroup = 860D455F27F98DDE00EEFFA1;
			packageReferences = (
				86A4BE3C284760C000555B6D /* XCRemoteSwiftPackageReference "SnapKit" */,
				8696646A28F7547C008345D0 /* XCRemoteSwiftPackageReference "CalendarKit" */,
			);
			productRefGroup = 860D456927F98DDE00EEFFA1 /* Products */;
			projectDirPath = "";
			projectRoot = "";
			targets = (
				860D456727F98DDE00EEFFA1 /* TodayYou */,
			);
		};
/* End PBXProject section */

/* Begin PBXResourcesBuildPhase section */
		860D456627F98DDE00EEFFA1 /* Resources */ = {
			isa = PBXResourcesBuildPhase;
			buildActionMask = 2147483647;
			files = (
				860D457827F98DDF00EEFFA1 /* LaunchScreen.storyboard in Resources */,
				865F61C228E530A100470CD3 /* GoogleService-Info.plist in Resources */,
				860D457527F98DDF00EEFFA1 /* Assets.xcassets in Resources */,
				860D457327F98DDE00EEFFA1 /* Main.storyboard in Resources */,
			);
			runOnlyForDeploymentPostprocessing = 0;
		};
/* End PBXResourcesBuildPhase section */

/* Begin PBXSourcesBuildPhase section */
		860D456427F98DDE00EEFFA1 /* Sources */ = {
			isa = PBXSourcesBuildPhase;
			buildActionMask = 2147483647;
			files = (
				86A4BE3928466F0100555B6D /* ToDoViewController.swift in Sources */,
				86718B0927FE37660027A805 /* DiaryViewController.swift in Sources */,
				86A4BE372846699400555B6D /* DiaryDetailViewController.swift in Sources */,
				86A4BE4E2847EEE200555B6D /* HowYouCollectionViewCell.swift in Sources */,
				86A4BE31284655A500555B6D /* DiaryCell.swift in Sources */,
				860D457027F98DDE00EEFFA1 /* ViewController.swift in Sources */,
				86F66753284805620082E8C6 /* UpcomingCalendarCollectionViewCell.swift in Sources */,
				860D456C27F98DDE00EEFFA1 /* AppDelegate.swift in Sources */,
				86A4BE4428476B6F00555B6D /* MyPageViewController.swift in Sources */,
				86F66757284806220082E8C6 /* WeatherCollectionViewCell.swift in Sources */,
				86A4BE3328465B1E00555B6D /* WriteDiaryViewController.swift in Sources */,
				86A4BE4A2847D98900555B6D /* HowYouViewController.swift in Sources */,
				86F66755284805E30082E8C6 /* MpToDoCollectionViewCell.swift in Sources */,
				86499AB728F78E7A00E3369B /* CustomCalendarExampleController.swift in Sources */,
				86816C55291319610006CE69 /* MyPageCell.swift in Sources */,
				86F66751284805170082E8C6 /* AddCalendarCollectionViewCell.swift in Sources */,
				86A4BE352846604900555B6D /* Diary.swift in Sources */,
				86E13BC728396B24003C4C92 /* RoundCornerButton.swift in Sources */,
				86499AB528F78DC300E3369B /* DatePickerController.swift in Sources */,
				86A4BE502847FEB100555B6D /* Task.swift in Sources */,
				860D456E27F98DDE00EEFFA1 /* SceneDelegate.swift in Sources */,
			);
			runOnlyForDeploymentPostprocessing = 0;
		};
/* End PBXSourcesBuildPhase section */

/* Begin PBXVariantGroup section */
		860D457127F98DDE00EEFFA1 /* Main.storyboard */ = {
			isa = PBXVariantGroup;
			children = (
				860D457227F98DDE00EEFFA1 /* Base */,
			);
			name = Main.storyboard;
			sourceTree = "<group>";
		};
		860D457627F98DDF00EEFFA1 /* LaunchScreen.storyboard */ = {
			isa = PBXVariantGroup;
			children = (
				860D457727F98DDF00EEFFA1 /* Base */,
			);
			name = LaunchScreen.storyboard;
			sourceTree = "<group>";
		};
/* End PBXVariantGroup section */

/* Begin XCBuildConfiguration section */
		860D457A27F98DDF00EEFFA1 /* Debug */ = {
			isa = XCBuildConfiguration;
			buildSettings = {
				ALWAYS_SEARCH_USER_PATHS = NO;
				CLANG_ANALYZER_NONNULL = YES;
				CLANG_ANALYZER_NUMBER_OBJECT_CONVERSION = YES_AGGRESSIVE;
				CLANG_CXX_LANGUAGE_STANDARD = "gnu++17";
				CLANG_CXX_LIBRARY = "libc++";
				CLANG_ENABLE_MODULES = YES;
				CLANG_ENABLE_OBJC_ARC = YES;
				CLANG_ENABLE_OBJC_WEAK = YES;
				CLANG_WARN_BLOCK_CAPTURE_AUTORELEASING = YES;
				CLANG_WARN_BOOL_CONVERSION = YES;
				CLANG_WARN_COMMA = YES;
				CLANG_WARN_CONSTANT_CONVERSION = YES;
				CLANG_WARN_DEPRECATED_OBJC_IMPLEMENTATIONS = YES;
				CLANG_WARN_DIRECT_OBJC_ISA_USAGE = YES_ERROR;
				CLANG_WARN_DOCUMENTATION_COMMENTS = YES;
				CLANG_WARN_EMPTY_BODY = YES;
				CLANG_WARN_ENUM_CONVERSION = YES;
				CLANG_WARN_INFINITE_RECURSION = YES;
				CLANG_WARN_INT_CONVERSION = YES;
				CLANG_WARN_NON_LITERAL_NULL_CONVERSION = YES;
				CLANG_WARN_OBJC_IMPLICIT_RETAIN_SELF = YES;
				CLANG_WARN_OBJC_LITERAL_CONVERSION = YES;
				CLANG_WARN_OBJC_ROOT_CLASS = YES_ERROR;
				CLANG_WARN_QUOTED_INCLUDE_IN_FRAMEWORK_HEADER = YES;
				CLANG_WARN_RANGE_LOOP_ANALYSIS = YES;
				CLANG_WARN_STRICT_PROTOTYPES = YES;
				CLANG_WARN_SUSPICIOUS_MOVE = YES;
				CLANG_WARN_UNGUARDED_AVAILABILITY = YES_AGGRESSIVE;
				CLANG_WARN_UNREACHABLE_CODE = YES;
				CLANG_WARN__DUPLICATE_METHOD_MATCH = YES;
				COPY_PHASE_STRIP = NO;
				DEBUG_INFORMATION_FORMAT = dwarf;
				ENABLE_STRICT_OBJC_MSGSEND = YES;
				ENABLE_TESTABILITY = YES;
				GCC_C_LANGUAGE_STANDARD = gnu11;
				GCC_DYNAMIC_NO_PIC = NO;
				GCC_NO_COMMON_BLOCKS = YES;
				GCC_OPTIMIZATION_LEVEL = 0;
				GCC_PREPROCESSOR_DEFINITIONS = (
					"DEBUG=1",
					"$(inherited)",
				);
				GCC_WARN_64_TO_32_BIT_CONVERSION = YES;
				GCC_WARN_ABOUT_RETURN_TYPE = YES_ERROR;
				GCC_WARN_UNDECLARED_SELECTOR = YES;
				GCC_WARN_UNINITIALIZED_AUTOS = YES_AGGRESSIVE;
				GCC_WARN_UNUSED_FUNCTION = YES;
				GCC_WARN_UNUSED_VARIABLE = YES;
				IPHONEOS_DEPLOYMENT_TARGET = 15.2;
				MTL_ENABLE_DEBUG_INFO = INCLUDE_SOURCE;
				MTL_FAST_MATH = YES;
				ONLY_ACTIVE_ARCH = YES;
				SDKROOT = iphoneos;
				SWIFT_ACTIVE_COMPILATION_CONDITIONS = DEBUG;
				SWIFT_OPTIMIZATION_LEVEL = "-Onone";
			};
			name = Debug;
		};
		860D457B27F98DDF00EEFFA1 /* Release */ = {
			isa = XCBuildConfiguration;
			buildSettings = {
				ALWAYS_SEARCH_USER_PATHS = NO;
				CLANG_ANALYZER_NONNULL = YES;
				CLANG_ANALYZER_NUMBER_OBJECT_CONVERSION = YES_AGGRESSIVE;
				CLANG_CXX_LANGUAGE_STANDARD = "gnu++17";
				CLANG_CXX_LIBRARY = "libc++";
				CLANG_ENABLE_MODULES = YES;
				CLANG_ENABLE_OBJC_ARC = YES;
				CLANG_ENABLE_OBJC_WEAK = YES;
				CLANG_WARN_BLOCK_CAPTURE_AUTORELEASING = YES;
				CLANG_WARN_BOOL_CONVERSION = YES;
				CLANG_WARN_COMMA = YES;
				CLANG_WARN_CONSTANT_CONVERSION = YES;
				CLANG_WARN_DEPRECATED_OBJC_IMPLEMENTATIONS = YES;
				CLANG_WARN_DIRECT_OBJC_ISA_USAGE = YES_ERROR;
				CLANG_WARN_DOCUMENTATION_COMMENTS = YES;
				CLANG_WARN_EMPTY_BODY = YES;
				CLANG_WARN_ENUM_CONVERSION = YES;
				CLANG_WARN_INFINITE_RECURSION = YES;
				CLANG_WARN_INT_CONVERSION = YES;
				CLANG_WARN_NON_LITERAL_NULL_CONVERSION = YES;
				CLANG_WARN_OBJC_IMPLICIT_RETAIN_SELF = YES;
				CLANG_WARN_OBJC_LITERAL_CONVERSION = YES;
				CLANG_WARN_OBJC_ROOT_CLASS = YES_ERROR;
				CLANG_WARN_QUOTED_INCLUDE_IN_FRAMEWORK_HEADER = YES;
				CLANG_WARN_RANGE_LOOP_ANALYSIS = YES;
				CLANG_WARN_STRICT_PROTOTYPES = YES;
				CLANG_WARN_SUSPICIOUS_MOVE = YES;
				CLANG_WARN_UNGUARDED_AVAILABILITY = YES_AGGRESSIVE;
				CLANG_WARN_UNREACHABLE_CODE = YES;
				CLANG_WARN__DUPLICATE_METHOD_MATCH = YES;
				COPY_PHASE_STRIP = NO;
				DEBUG_INFORMATION_FORMAT = "dwarf-with-dsym";
				ENABLE_NS_ASSERTIONS = NO;
				ENABLE_STRICT_OBJC_MSGSEND = YES;
				GCC_C_LANGUAGE_STANDARD = gnu11;
				GCC_NO_COMMON_BLOCKS = YES;
				GCC_WARN_64_TO_32_BIT_CONVERSION = YES;
				GCC_WARN_ABOUT_RETURN_TYPE = YES_ERROR;
				GCC_WARN_UNDECLARED_SELECTOR = YES;
				GCC_WARN_UNINITIALIZED_AUTOS = YES_AGGRESSIVE;
				GCC_WARN_UNUSED_FUNCTION = YES;
				GCC_WARN_UNUSED_VARIABLE = YES;
				IPHONEOS_DEPLOYMENT_TARGET = 15.2;
				MTL_ENABLE_DEBUG_INFO = NO;
				MTL_FAST_MATH = YES;
				SDKROOT = iphoneos;
				SWIFT_COMPILATION_MODE = wholemodule;
				SWIFT_OPTIMIZATION_LEVEL = "-O";
				VALIDATE_PRODUCT = YES;
			};
			name = Release;
		};
		860D457D27F98DDF00EEFFA1 /* Debug */ = {
			isa = XCBuildConfiguration;
			buildSettings = {
				ASSETCATALOG_COMPILER_APPICON_NAME = AppIcon;
				ASSETCATALOG_COMPILER_GLOBAL_ACCENT_COLOR_NAME = AccentColor;
				CODE_SIGN_STYLE = Automatic;
				CURRENT_PROJECT_VERSION = 1;
				DEVELOPMENT_TEAM = UWHXNW23SX;
				GENERATE_INFOPLIST_FILE = YES;
				INFOPLIST_FILE = TodayYou/Info.plist;
				INFOPLIST_KEY_UIApplicationSupportsIndirectInputEvents = YES;
				INFOPLIST_KEY_UILaunchScreen_Generation = YES;
				INFOPLIST_KEY_UILaunchStoryboardName = LaunchScreen;
				INFOPLIST_KEY_UIMainStoryboardFile = Main;
				INFOPLIST_KEY_UIStatusBarHidden = NO;
				INFOPLIST_KEY_UISupportedInterfaceOrientations_iPad = "UIInterfaceOrientationPortrait UIInterfaceOrientationPortraitUpsideDown UIInterfaceOrientationLandscapeLeft UIInterfaceOrientationLandscapeRight";
				INFOPLIST_KEY_UISupportedInterfaceOrientations_iPhone = "UIInterfaceOrientationPortrait UIInterfaceOrientationLandscapeLeft UIInterfaceOrientationLandscapeRight";
				LD_RUNPATH_SEARCH_PATHS = (
					"$(inherited)",
					"@executable_path/Frameworks",
				);
				MARKETING_VERSION = 1.0;
				PRODUCT_BUNDLE_IDENTIFIER = com.lsh98.TodayYou;
				PRODUCT_NAME = "$(TARGET_NAME)";
				SWIFT_EMIT_LOC_STRINGS = YES;
				SWIFT_VERSION = 5.0;
				TARGETED_DEVICE_FAMILY = "1,2";
			};
			name = Debug;
		};
		860D457E27F98DDF00EEFFA1 /* Release */ = {
			isa = XCBuildConfiguration;
			buildSettings = {
				ASSETCATALOG_COMPILER_APPICON_NAME = AppIcon;
				ASSETCATALOG_COMPILER_GLOBAL_ACCENT_COLOR_NAME = AccentColor;
				CODE_SIGN_STYLE = Automatic;
				CURRENT_PROJECT_VERSION = 1;
				DEVELOPMENT_TEAM = UWHXNW23SX;
				GENERATE_INFOPLIST_FILE = YES;
				INFOPLIST_FILE = TodayYou/Info.plist;
				INFOPLIST_KEY_UIApplicationSupportsIndirectInputEvents = YES;
				INFOPLIST_KEY_UILaunchScreen_Generation = YES;
				INFOPLIST_KEY_UILaunchStoryboardName = LaunchScreen;
				INFOPLIST_KEY_UIMainStoryboardFile = Main;
				INFOPLIST_KEY_UIStatusBarHidden = NO;
				INFOPLIST_KEY_UISupportedInterfaceOrientations_iPad = "UIInterfaceOrientationPortrait UIInterfaceOrientationPortraitUpsideDown UIInterfaceOrientationLandscapeLeft UIInterfaceOrientationLandscapeRight";
				INFOPLIST_KEY_UISupportedInterfaceOrientations_iPhone = "UIInterfaceOrientationPortrait UIInterfaceOrientationLandscapeLeft UIInterfaceOrientationLandscapeRight";
				LD_RUNPATH_SEARCH_PATHS = (
					"$(inherited)",
					"@executable_path/Frameworks",
				);
				MARKETING_VERSION = 1.0;
				PRODUCT_BUNDLE_IDENTIFIER = com.lsh98.TodayYou;
				PRODUCT_NAME = "$(TARGET_NAME)";
				SWIFT_EMIT_LOC_STRINGS = YES;
				SWIFT_VERSION = 5.0;
				TARGETED_DEVICE_FAMILY = "1,2";
			};
			name = Release;
		};
/* End XCBuildConfiguration section */

/* Begin XCConfigurationList section */
		860D456327F98DDE00EEFFA1 /* Build configuration list for PBXProject "TodayYou" */ = {
			isa = XCConfigurationList;
			buildConfigurations = (
				860D457A27F98DDF00EEFFA1 /* Debug */,
				860D457B27F98DDF00EEFFA1 /* Release */,
			);
			defaultConfigurationIsVisible = 0;
			defaultConfigurationName = Release;
		};
		860D457C27F98DDF00EEFFA1 /* Build configuration list for PBXNativeTarget "TodayYou" */ = {
			isa = XCConfigurationList;
			buildConfigurations = (
				860D457D27F98DDF00EEFFA1 /* Debug */,
				860D457E27F98DDF00EEFFA1 /* Release */,
			);
			defaultConfigurationIsVisible = 0;
			defaultConfigurationName = Release;
		};
/* End XCConfigurationList section */

/* Begin XCRemoteSwiftPackageReference section */
		8696646A28F7547C008345D0 /* XCRemoteSwiftPackageReference "CalendarKit" */ = {
			isa = XCRemoteSwiftPackageReference;
			repositoryURL = "https://github.com/richardtop/CalendarKit";
			requirement = {
				kind = upToNextMajorVersion;
				minimumVersion = 1.0.0;
			};
		};
		86A4BE3C284760C000555B6D /* XCRemoteSwiftPackageReference "SnapKit" */ = {
			isa = XCRemoteSwiftPackageReference;
			repositoryURL = "https://github.com/SnapKit/SnapKit";
			requirement = {
				kind = upToNextMajorVersion;
				minimumVersion = 5.0.1;
			};
		};
/* End XCRemoteSwiftPackageReference section */

/* Begin XCSwiftPackageProductDependency section */
		8696646B28F7547C008345D0 /* CalendarKit */ = {
			isa = XCSwiftPackageProductDependency;
			package = 8696646A28F7547C008345D0 /* XCRemoteSwiftPackageReference "CalendarKit" */;
			productName = CalendarKit;
		};
		86A4BE3D284760C000555B6D /* SnapKit */ = {
			isa = XCSwiftPackageProductDependency;
			package = 86A4BE3C284760C000555B6D /* XCRemoteSwiftPackageReference "SnapKit" */;
			productName = SnapKit;
		};
/* End XCSwiftPackageProductDependency section */
	};
	rootObject = 860D456027F98DDE00EEFFA1 /* Project object */;
}
